
Microsoft Visual Studio Solution File, Format Version 12.00
# Visual Studio 15
VisualStudioVersion = 15.0.26124.0
MinimumVisualStudioVersion = 15.0.26124.0
Project("{FAE04EC0-301F-11D3-BF4B-00C04F79EFBC}") = "AsyncReturnTypeLibrary", "AsyncReturnTypeLibrary\AsyncReturnTypeLibrary.csproj", "{62389A7B-E893-493C-BD1F-959171A4CF63}"
EndProject
Project("{FAE04EC0-301F-11D3-BF4B-00C04F79EFBC}") = "AsyncReturnTypes.xUnit", "AsyncReturnTypes.xUnit\AsyncReturnTypes.xUnit.csproj", "{769C41D4-ACE0-45D4-A9AF-D6BBEA0338A2}"
EndProject
Global
	GlobalSection(SolutionConfigurationPlatforms) = preSolution
		Debug|Any CPU = Debug|Any CPU
		Debug|x64 = Debug|x64
		Debug|x86 = Debug|x86
		Release|Any CPU = Release|Any CPU
		Release|x64 = Release|x64
		Release|x86 = Release|x86
	EndGlobalSection
	GlobalSection(SolutionProperties) = preSolution
		HideSolutionNode = FALSE
	EndGlobalSection
	GlobalSection(ProjectConfigurationPlatforms) = postSolution
		{62389A7B-E893-493C-BD1F-959171A4CF63}.Debug|Any CPU.ActiveCfg = Debug|Any CPU
		{62389A7B-E893-493C-BD1F-959171A4CF63}.Debug|Any CPU.Build.0 = Debug|Any CPU
		{62389A7B-E893-493C-BD1F-959171A4CF63}.Debug|x64.ActiveCfg = Debug|Any CPU
		{62389A7B-E893-493C-BD1F-959171A4CF63}.Debug|x64.Build.0 = Debug|Any CPU
		{62389A7B-E893-493C-BD1F-959171A4CF63}.Debug|x86.ActiveCfg = Debug|Any CPU
		{62389A7B-E893-493C-BD1F-959171A4CF63}.Debug|x86.Build.0 = Debug|Any CPU
		{62389A7B-E893-493C-BD1F-959171A4CF63}.Release|Any CPU.ActiveCfg = Release|Any CPU
		{62389A7B-E893-493C-BD1F-959171A4CF63}.Release|Any CPU.Build.0 = Release|Any CPU
		{62389A7B-E893-493C-BD1F-959171A4CF63}.Release|x64.ActiveCfg = Release|Any CPU
		{62389A7B-E893-493C-BD1F-959171A4CF63}.Release|x64.Build.0 = Release|Any CPU
		{62389A7B-E893-493C-BD1F-959171A4CF63}.Release|x86.ActiveCfg = Release|Any CPU
		{62389A7B-E893-493C-BD1F-959171A4CF63}.Release|x86.Build.0 = Release|Any CPU
		{769C41D4-ACE0-45D4-A9AF-D6BBEA0338A2}.Debug|Any CPU.ActiveCfg = Debug|Any CPU
		{769C41D4-ACE0-45D4-A9AF-D6BBEA0338A2}.Debug|Any CPU.Build.0 = Debug|Any CPU
		{769C41D4-ACE0-45D4-A9AF-D6BBEA0338A2}.Debug|x64.ActiveCfg = Debug|Any CPU
		{769C41D4-ACE0-45D4-A9AF-D6BBEA0338A2}.Debug|x64.Build.0 = Debug|Any CPU
		{769C41D4-ACE0-45D4-A9AF-D6BBEA0338A2}.Debug|x86.ActiveCfg = Debug|Any CPU
		{769C41D4-ACE0-45D4-A9AF-D6BBEA0338A2}.Debug|x86.Build.0 = Debug|Any CPU
		{769C41D4-ACE0-45D4-A9AF-D6BBEA0338A2}.Release|Any CPU.ActiveCfg = Release|Any CPU
		{769C41D4-ACE0-45D4-A9AF-D6BBEA0338A2}.Release|Any CPU.Build.0 = Release|Any CPU
		{769C41D4-ACE0-45D4-A9AF-D6BBEA0338A2}.Release|x64.ActiveCfg = Release|Any CPU
		{769C41D4-ACE0-45D4-A9AF-D6BBEA0338A2}.Release|x64.Build.0 = Release|Any CPU
		{769C41D4-ACE0-45D4-A9AF-D6BBEA0338A2}.Release|x86.ActiveCfg = Release|Any CPU
		{769C41D4-ACE0-45D4-A9AF-D6BBEA0338A2}.Release|x86.Build.0 = Release|Any CPU
	EndGlobalSection
EndGlobal
